
Microsoft Visual Studio Solution File, Format Version 12.00
# Visual Studio Version 17
VisualStudioVersion = 17.14.36518.9
MinimumVisualStudioVersion = 10.0.40219.1
Project("{2150E333-8FDC-42A3-9474-1A3956D46DE8}") = "Web", "Web", "{02EA681E-C7D8-13C7-8484-4AC65E1B71E8}"
EndProject
Project("{2150E333-8FDC-42A3-9474-1A3956D46DE8}") = "Shared", "Shared", "{7AD3D84B-21ED-4679-B827-6297C4358AA3}"
EndProject
Project("{2150E333-8FDC-42A3-9474-1A3956D46DE8}") = "Bussiness", "Bussiness", "{4A7CBC05-7B4B-4FA1-A4D0-D053B3D8DEEC}"
EndProject
Project("{2150E333-8FDC-42A3-9474-1A3956D46DE8}") = "Utils", "Utils", "{9D838810-65AC-45D0-A8A9-09F9390B89AA}"
EndProject
Project("{FAE04EC0-301F-11D3-BF4B-00C04F79EFBC}") = "Brownsquare-twilio-backend", "Web\Brownsquare-twilio-backend.csproj", "{81B28242-6659-2A73-4053-D57E1E918EB3}"
EndProject
Project("{FAE04EC0-301F-11D3-BF4B-00C04F79EFBC}") = "Bussiness", "Bussiness\Bussiness\Bussiness.csproj", "{36B1533C-C98C-470E-9F76-A4231C310B41}"
EndProject
Project("{FAE04EC0-301F-11D3-BF4B-00C04F79EFBC}") = "Utils", "Utils\Utils\Utils.csproj", "{E67414C1-CB3D-42BF-A4CC-8515C3BC2F9A}"
EndProject
Project("{FAE04EC0-301F-11D3-BF4B-00C04F79EFBC}") = "Dto", "Shared\Dto\Dto.csproj", "{8C1313BB-198D-4C29-B239-8DABCAABF403}"
EndProject
Project("{FAE04EC0-301F-11D3-BF4B-00C04F79EFBC}") = "Dal", "Dal\Dal\Dal.csproj", "{0A5207F6-CD7F-4228-ACFC-8D1855C35B2F}"
EndProject
Global
	GlobalSection(SolutionConfigurationPlatforms) = preSolution
		Debug|Any CPU = Debug|Any CPU
		Release|Any CPU = Release|Any CPU
	EndGlobalSection
	GlobalSection(ProjectConfigurationPlatforms) = postSolution
		{81B28242-6659-2A73-4053-D57E1E918EB3}.Debug|Any CPU.ActiveCfg = Debug|Any CPU
		{81B28242-6659-2A73-4053-D57E1E918EB3}.Debug|Any CPU.Build.0 = Debug|Any CPU
		{81B28242-6659-2A73-4053-D57E1E918EB3}.Release|Any CPU.ActiveCfg = Release|Any CPU
		{81B28242-6659-2A73-4053-D57E1E918EB3}.Release|Any CPU.Build.0 = Release|Any CPU
		{36B1533C-C98C-470E-9F76-A4231C310B41}.Debug|Any CPU.ActiveCfg = Debug|Any CPU
		{36B1533C-C98C-470E-9F76-A4231C310B41}.Debug|Any CPU.Build.0 = Debug|Any CPU
		{36B1533C-C98C-470E-9F76-A4231C310B41}.Release|Any CPU.ActiveCfg = Release|Any CPU
		{36B1533C-C98C-470E-9F76-A4231C310B41}.Release|Any CPU.Build.0 = Release|Any CPU
		{E67414C1-CB3D-42BF-A4CC-8515C3BC2F9A}.Debug|Any CPU.ActiveCfg = Debug|Any CPU
		{E67414C1-CB3D-42BF-A4CC-8515C3BC2F9A}.Debug|Any CPU.Build.0 = Debug|Any CPU
		{E67414C1-CB3D-42BF-A4CC-8515C3BC2F9A}.Release|Any CPU.ActiveCfg = Release|Any CPU
		{E67414C1-CB3D-42BF-A4CC-8515C3BC2F9A}.Release|Any CPU.Build.0 = Release|Any CPU
		{8C1313BB-198D-4C29-B239-8DABCAABF403}.Debug|Any CPU.ActiveCfg = Debug|Any CPU
		{8C1313BB-198D-4C29-B239-8DABCAABF403}.Debug|Any CPU.Build.0 = Debug|Any CPU
		{8C1313BB-198D-4C29-B239-8DABCAABF403}.Release|Any CPU.ActiveCfg = Release|Any CPU
		{8C1313BB-198D-4C29-B239-8DABCAABF403}.Release|Any CPU.Build.0 = Release|Any CPU
		{0A5207F6-CD7F-4228-ACFC-8D1855C35B2F}.Debug|Any CPU.ActiveCfg = Debug|Any CPU
		{0A5207F6-CD7F-4228-ACFC-8D1855C35B2F}.Debug|Any CPU.Build.0 = Debug|Any CPU
		{0A5207F6-CD7F-4228-ACFC-8D1855C35B2F}.Release|Any CPU.ActiveCfg = Release|Any CPU
		{0A5207F6-CD7F-4228-ACFC-8D1855C35B2F}.Release|Any CPU.Build.0 = Release|Any CPU
	EndGlobalSection
	GlobalSection(SolutionProperties) = preSolution
		HideSolutionNode = FALSE
	EndGlobalSection
	GlobalSection(NestedProjects) = preSolution
		{81B28242-6659-2A73-4053-D57E1E918EB3} = {02EA681E-C7D8-13C7-8484-4AC65E1B71E8}
		{36B1533C-C98C-470E-9F76-A4231C310B41} = {4A7CBC05-7B4B-4FA1-A4D0-D053B3D8DEEC}
		{E67414C1-CB3D-42BF-A4CC-8515C3BC2F9A} = {9D838810-65AC-45D0-A8A9-09F9390B89AA}
		{8C1313BB-198D-4C29-B239-8DABCAABF403} = {7AD3D84B-21ED-4679-B827-6297C4358AA3}
		{0A5207F6-CD7F-4228-ACFC-8D1855C35B2F} = {4A7CBC05-7B4B-4FA1-A4D0-D053B3D8DEEC}
	EndGlobalSection
	GlobalSection(ExtensibilityGlobals) = postSolution
		SolutionGuid = {812C51F7-00C0-4C0D-BC52-7732561E189E}
	EndGlobalSection
EndGlobal
